
Microsoft Visual Studio Solution File, Format Version 12.00
# Visual Studio Version 17
VisualStudioVersion = 17.5.33627.172
MinimumVisualStudioVersion = 10.0.40219.1
Project("{C9674DCB-5085-4A16-B785-4C70DD1589BD}") = "TransportMTW.ETL", "TransportMTW.ETL.dtproj", "{41B1F11B-D918-41EF-9E9A-0DB14CBDD270}"
EndProject
Global
	GlobalSection(SolutionConfigurationPlatforms) = preSolution
		Development|Default = Development|Default
	EndGlobalSection
	GlobalSection(ProjectConfigurationPlatforms) = postSolution
		{41B1F11B-D918-41EF-9E9A-0DB14CBDD270}.Development|Default.ActiveCfg = Development
		{41B1F11B-D918-41EF-9E9A-0DB14CBDD270}.Development|Default.Build.0 = Development
	EndGlobalSection
	GlobalSection(SolutionProperties) = preSolution
		HideSolutionNode = FALSE
	EndGlobalSection
	GlobalSection(ExtensibilityGlobals) = postSolution
		SolutionGuid = {1102CE2B-5731-418F-B631-D9BC064128AB}
	EndGlobalSection
EndGlobal
